
Microsoft Visual Studio Solution File, Format Version 12.00
# Visual Studio Version 17
VisualStudioVersion = 17.10.35122.118
MinimumVisualStudioVersion = 10.0.40219.1
Project("{FAE04EC0-301F-11D3-BF4B-00C04F79EFBC}") = "CP1-.NET", "CP1-.NET.csproj", "{8DB8E6B4-BAF5-4202-A3BC-C8CF5B8211FF}"
EndProject
Global
	GlobalSection(SolutionConfigurationPlatforms) = preSolution
		Debug|Any CPU = Debug|Any CPU
		Release|Any CPU = Release|Any CPU
	EndGlobalSection
	GlobalSection(ProjectConfigurationPlatforms) = postSolution
		{8DB8E6B4-BAF5-4202-A3BC-C8CF5B8211FF}.Debug|Any CPU.ActiveCfg = Debug|Any CPU
		{8DB8E6B4-BAF5-4202-A3BC-C8CF5B8211FF}.Debug|Any CPU.Build.0 = Debug|Any CPU
		{8DB8E6B4-BAF5-4202-A3BC-C8CF5B8211FF}.Release|Any CPU.ActiveCfg = Release|Any CPU
		{8DB8E6B4-BAF5-4202-A3BC-C8CF5B8211FF}.Release|Any CPU.Build.0 = Release|Any CPU
	EndGlobalSection
	GlobalSection(SolutionProperties) = preSolution
		HideSolutionNode = FALSE
	EndGlobalSection
	GlobalSection(ExtensibilityGlobals) = postSolution
		SolutionGuid = {A37D2F42-61F8-4DFF-8E87-0973CDD6AE49}
	EndGlobalSection
EndGlobal
